{
  "object": {
    "pins": [
      {
        "package": "Alamofire",
        "repositoryURL": "https://github.com/Alamofire/Alamofire.git",
        "state": {
          "branch": null,
          "revision": "0c8cb78d05b6d067ee331c05058ff4dedcb45ffa",
          "version": "5.0.0"
        }
      },
      {
        "package": "Closures",
        "repositoryURL": "https://github.com/Adorkable-forkable/Closures",
        "state": {
          "branch": "SwiftPM",
          "revision": "e72d09afd0f71fe7ef5c454d0d5106d9b0471df5",
          "version": null
        }
      },
      {
        "package": "DateToolsSwift",
        "repositoryURL": "https://github.com/maniramezan/DateTools",
        "state": {
          "branch": "mani_swiftpm",
          "revision": "4df71163e824b75476edd853a57dd4e33e0e618b",
          "version": null
        }
      },
      {
        "package": "Differ",
        "repositoryURL": "https://github.com/tonyarnold/Differ",
        "state": {
          "branch": "master",
          "revision": "05a3a4bdb4ed8c808fdc2fe0d5bdb03106600d22",
          "version": null
        }
      },
      {
        "package": "EMUtilities",
        "repositoryURL": "https://github.com/dvlop-io/EMUtilities",
        "state": {
          "branch": "master",
          "revision": "8e492c00b0f7c86a47698c0fc58b0cff4aa71930",
          "version": null
        }
      },
      {
        "package": "Files",
        "repositoryURL": "https://github.com/JohnSundell/Files",
        "state": {
          "branch": null,
          "revision": "92b57bea0e737e7d92b5ff281f46ec2b59faf91c",
          "version": "3.1.0"
        }
      },
      {
        "package": "Marshal",
        "repositoryURL": "https://github.com/utahiosmac/Marshal",
        "state": {
          "branch": null,
          "revision": "bbd811be9b78352e74970d1c2c652e87c83ce51b",
          "version": "1.2.8"
        }
      },
      {
        "package": "Nuke",
        "repositoryURL": "https://github.com/kean/Nuke",
        "state": {
          "branch": null,
          "revision": "051fb936fbc0176655acb1085b15be477f3d5015",
          "version": "8.4.0"
        }
      },
      {
        "package": "PhoneNumberKit",
        "repositoryURL": "https://github.com/marmelroy/PhoneNumberKit",
        "state": {
          "branch": null,
          "revision": "5c8c906036dd44d0ac6d721c5fd0bf5602d1ff0e",
          "version": "3.2.0"
        }
      },
      {
        "package": "PromiseKit",
        "repositoryURL": "https://github.com/mxcl/PromiseKit",
        "state": {
          "branch": "v7",
          "revision": "9f494dd1c312b1325d709853255558585c070c46",
          "version": null
        }
      },
      {
        "package": "Reachability",
        "repositoryURL": "https://github.com/ashleymills/Reachability.swift",
        "state": {
          "branch": null,
          "revision": "98e968e7b6c1318fb61df23e347bc319761e8acb",
          "version": "5.0.0"
        }
      },
      {
        "package": "Realm",
        "repositoryURL": "https://github.com/realm/realm-cocoa",
        "state": {
          "branch": null,
          "revision": "913d59c6522e3007c7cbac3a8e9775abf72c054c",
          "version": "4.3.2"
        }
      },
      {
        "package": "RealmCore",
        "repositoryURL": "https://github.com/realm/realm-core",
        "state": {
          "branch": null,
          "revision": "35662ff940e340bf630ad1d1d88acfc7af18bee6",
          "version": "5.23.8"
        }
      },
      {
        "package": "RxSwift",
        "repositoryURL": "https://github.com/ReactiveX/RxSwift.git",
        "state": {
          "branch": "develop",
          "revision": "9987211d3b4b82b9177b58f1bf893502ffd164cd",
          "version": null
        }
      },
      {
        "package": "SwiftyJSON",
        "repositoryURL": "https://github.com/SwiftyJSON/SwiftyJSON",
        "state": {
          "branch": null,
          "revision": "2b6054efa051565954e1d2b9da831680026cd768",
          "version": "5.0.0"
        }
      },
      {
        "package": "ViewAnimator",
        "repositoryURL": "https://github.com/marcosgriselli/ViewAnimator",
        "state": {
          "branch": null,
          "revision": "17e7ba9e9c9e09bfd46086e0189b198fedc67847",
          "version": "2.7.0"
        }
      },
      {
        "package": "Zip",
        "repositoryURL": "https://github.com/sersoft-gmbh/Zip",
        "state": {
          "branch": "spm_support",
          "revision": "626460ffdb6d0ebdace8c94aff5e49b7d23f13c2",
          "version": null
        }
      }
    ]
  },
  "version": 1
}
